
Microsoft Visual Studio Solution File, Format Version 12.00
# Visual Studio Version 17
VisualStudioVersion = 17.10.35004.147
MinimumVisualStudioVersion = 10.0.40219.1
Project("{9A19103F-16F7-4668-BE54-9A1E7A4F7556}") = "AuthApi", "AuthApi\AuthApi.csproj", "{B685FAFE-AA01-4D4E-A3F9-2885AC9406CE}"
EndProject
Project("{FAE04EC0-301F-11D3-BF4B-00C04F79EFBC}") = "UserManagerApi", "UserManagerApi\UserManagerApi\UserManagerApi.csproj", "{A4FA2DD6-A552-4947-9267-C31867C2EE18}"
EndProject
Project("{E53339B2-1760-4266-BCC7-CA923CBCF16C}") = "docker-compose", "docker-compose.dcproj", "{9083116C-BBFC-4B62-8307-7BFF32D30DC4}"
EndProject
Global
	GlobalSection(SolutionConfigurationPlatforms) = preSolution
		Debug|Any CPU = Debug|Any CPU
		Release|Any CPU = Release|Any CPU
	EndGlobalSection
	GlobalSection(ProjectConfigurationPlatforms) = postSolution
		{B685FAFE-AA01-4D4E-A3F9-2885AC9406CE}.Debug|Any CPU.ActiveCfg = Debug|Any CPU
		{B685FAFE-AA01-4D4E-A3F9-2885AC9406CE}.Debug|Any CPU.Build.0 = Debug|Any CPU
		{B685FAFE-AA01-4D4E-A3F9-2885AC9406CE}.Release|Any CPU.ActiveCfg = Release|Any CPU
		{B685FAFE-AA01-4D4E-A3F9-2885AC9406CE}.Release|Any CPU.Build.0 = Release|Any CPU
		{A4FA2DD6-A552-4947-9267-C31867C2EE18}.Debug|Any CPU.ActiveCfg = Debug|Any CPU
		{A4FA2DD6-A552-4947-9267-C31867C2EE18}.Debug|Any CPU.Build.0 = Debug|Any CPU
		{A4FA2DD6-A552-4947-9267-C31867C2EE18}.Release|Any CPU.ActiveCfg = Release|Any CPU
		{A4FA2DD6-A552-4947-9267-C31867C2EE18}.Release|Any CPU.Build.0 = Release|Any CPU
		{9083116C-BBFC-4B62-8307-7BFF32D30DC4}.Debug|Any CPU.ActiveCfg = Debug|Any CPU
		{9083116C-BBFC-4B62-8307-7BFF32D30DC4}.Debug|Any CPU.Build.0 = Debug|Any CPU
		{9083116C-BBFC-4B62-8307-7BFF32D30DC4}.Release|Any CPU.ActiveCfg = Release|Any CPU
		{9083116C-BBFC-4B62-8307-7BFF32D30DC4}.Release|Any CPU.Build.0 = Release|Any CPU
	EndGlobalSection
	GlobalSection(SolutionProperties) = preSolution
		HideSolutionNode = FALSE
	EndGlobalSection
	GlobalSection(ExtensibilityGlobals) = postSolution
		SolutionGuid = {14819994-FCCC-47B8-A532-9920C2666A42}
	EndGlobalSection
EndGlobal
